
Microsoft Visual Studio Solution File, Format Version 12.00
# Visual Studio Version 17
VisualStudioVersion = 17.1.32210.238
MinimumVisualStudioVersion = 10.0.40219.1
Project("{FAE04EC0-301F-11D3-BF4B-00C04F79EFBC}") = "RandomKullanimi", "RandomKullanimi.csproj", "{AC70050E-FC74-4CD2-8D29-28EDD90D5001}"
EndProject
Global
	GlobalSection(SolutionConfigurationPlatforms) = preSolution
		Debug|Any CPU = Debug|Any CPU
		Release|Any CPU = Release|Any CPU
	EndGlobalSection
	GlobalSection(ProjectConfigurationPlatforms) = postSolution
		{AC70050E-FC74-4CD2-8D29-28EDD90D5001}.Debug|Any CPU.ActiveCfg = Debug|Any CPU
		{AC70050E-FC74-4CD2-8D29-28EDD90D5001}.Debug|Any CPU.Build.0 = Debug|Any CPU
		{AC70050E-FC74-4CD2-8D29-28EDD90D5001}.Release|Any CPU.ActiveCfg = Release|Any CPU
		{AC70050E-FC74-4CD2-8D29-28EDD90D5001}.Release|Any CPU.Build.0 = Release|Any CPU
	EndGlobalSection
	GlobalSection(SolutionProperties) = preSolution
		HideSolutionNode = FALSE
	EndGlobalSection
	GlobalSection(ExtensibilityGlobals) = postSolution
		SolutionGuid = {AC97C19B-FE82-4DE3-83AA-0FA603D6FAD7}
	EndGlobalSection
EndGlobal
